
Microsoft Visual Studio Solution File, Format Version 12.00
# Visual Studio Version 16
VisualStudioVersion = 16.0.32802.440
MinimumVisualStudioVersion = 10.0.40219.1
Project("{FAE04EC0-301F-11D3-BF4B-00C04F79EFBC}") = "RectanglesCommands", "Rectangles\RectanglesCommands.csproj", "{5485CE8B-D3B6-4A3A-A97D-62672FD8B935}"
EndProject
Project("{FAE04EC0-301F-11D3-BF4B-00C04F79EFBC}") = "RectanglesCommandTest", "RectanglesCommandTest\RectanglesCommandTest.csproj", "{BDA2AB6F-B3C8-4F02-85D7-668F4178B098}"
EndProject
Global
	GlobalSection(SolutionConfigurationPlatforms) = preSolution
		Debug|Any CPU = Debug|Any CPU
		Release|Any CPU = Release|Any CPU
	EndGlobalSection
	GlobalSection(ProjectConfigurationPlatforms) = postSolution
		{5485CE8B-D3B6-4A3A-A97D-62672FD8B935}.Debug|Any CPU.ActiveCfg = Debug|Any CPU
		{5485CE8B-D3B6-4A3A-A97D-62672FD8B935}.Debug|Any CPU.Build.0 = Debug|Any CPU
		{5485CE8B-D3B6-4A3A-A97D-62672FD8B935}.Release|Any CPU.ActiveCfg = Release|Any CPU
		{5485CE8B-D3B6-4A3A-A97D-62672FD8B935}.Release|Any CPU.Build.0 = Release|Any CPU
		{BDA2AB6F-B3C8-4F02-85D7-668F4178B098}.Debug|Any CPU.ActiveCfg = Debug|Any CPU
		{BDA2AB6F-B3C8-4F02-85D7-668F4178B098}.Debug|Any CPU.Build.0 = Debug|Any CPU
		{BDA2AB6F-B3C8-4F02-85D7-668F4178B098}.Release|Any CPU.ActiveCfg = Release|Any CPU
		{BDA2AB6F-B3C8-4F02-85D7-668F4178B098}.Release|Any CPU.Build.0 = Release|Any CPU
	EndGlobalSection
	GlobalSection(SolutionProperties) = preSolution
		HideSolutionNode = FALSE
	EndGlobalSection
	GlobalSection(ExtensibilityGlobals) = postSolution
		SolutionGuid = {277E6A11-1E1F-45FC-ADA8-BF9B4A67DB33}
	EndGlobalSection
EndGlobal
